
Microsoft Visual Studio Solution File, Format Version 12.00
# Visual Studio Version 16
VisualStudioVersion = 16.0.29209.62
MinimumVisualStudioVersion = 10.0.40219.1
Project("{FAE04EC0-301F-11D3-BF4B-00C04F79EFBC}") = "andrewhaydendev", "andrewhaydendev\andrewhaydendev.csproj", "{32BCE4F4-1F13-479B-BB3B-5C81FC71E798}"
EndProject
Global
	GlobalSection(SolutionConfigurationPlatforms) = preSolution
		Debug|Any CPU = Debug|Any CPU
		Release|Any CPU = Release|Any CPU
	EndGlobalSection
	GlobalSection(ProjectConfigurationPlatforms) = postSolution
		{32BCE4F4-1F13-479B-BB3B-5C81FC71E798}.Debug|Any CPU.ActiveCfg = Debug|Any CPU
		{32BCE4F4-1F13-479B-BB3B-5C81FC71E798}.Debug|Any CPU.Build.0 = Debug|Any CPU
		{32BCE4F4-1F13-479B-BB3B-5C81FC71E798}.Release|Any CPU.ActiveCfg = Release|Any CPU
		{32BCE4F4-1F13-479B-BB3B-5C81FC71E798}.Release|Any CPU.Build.0 = Release|Any CPU
	EndGlobalSection
	GlobalSection(SolutionProperties) = preSolution
		HideSolutionNode = FALSE
	EndGlobalSection
	GlobalSection(ExtensibilityGlobals) = postSolution
		SolutionGuid = {3ACAE359-3F82-40FC-A9EB-E814C59F6AA4}
	EndGlobalSection
EndGlobal
